
Microsoft Visual Studio Solution File, Format Version 12.00
# Visual Studio Version 17
VisualStudioVersion = 17.0.31903.59
MinimumVisualStudioVersion = 10.0.40219.1
Project("{FAE04EC0-301F-11D3-BF4B-00C04F79EFBC}") = "SimpleBlazorServer", "SimpleBlazorServer\SimpleBlazorServer.csproj", "{708B4AF1-81C3-45B3-BB81-CE43F57B3EEB}"
EndProject
Global
	GlobalSection(SolutionConfigurationPlatforms) = preSolution
		Debug|Any CPU = Debug|Any CPU
		Release|Any CPU = Release|Any CPU
	EndGlobalSection
	GlobalSection(ProjectConfigurationPlatforms) = postSolution
		{708B4AF1-81C3-45B3-BB81-CE43F57B3EEB}.Debug|Any CPU.ActiveCfg = Debug|Any CPU
		{708B4AF1-81C3-45B3-BB81-CE43F57B3EEB}.Debug|Any CPU.Build.0 = Debug|Any CPU
		{708B4AF1-81C3-45B3-BB81-CE43F57B3EEB}.Release|Any CPU.ActiveCfg = Release|Any CPU
		{708B4AF1-81C3-45B3-BB81-CE43F57B3EEB}.Release|Any CPU.Build.0 = Release|Any CPU
	EndGlobalSection
	GlobalSection(SolutionProperties) = preSolution
		HideSolutionNode = FALSE
	EndGlobalSection
EndGlobal
